
Microsoft Visual Studio Solution File, Format Version 12.00
# Visual Studio 15
VisualStudioVersion = 15.0.28010.2046
MinimumVisualStudioVersion = 10.0.40219.1
Project("{FAE04EC0-301F-11D3-BF4B-00C04F79EFBC}") = "Projekat Bioskop", "Projekat Bioskop\Projekat Bioskop.csproj", "{7D6FDBB6-CADD-422A-9F69-4E6377841A7D}"
EndProject
Global
	GlobalSection(SolutionConfigurationPlatforms) = preSolution
		Debug|Any CPU = Debug|Any CPU
		Release|Any CPU = Release|Any CPU
	EndGlobalSection
	GlobalSection(ProjectConfigurationPlatforms) = postSolution
		{7D6FDBB6-CADD-422A-9F69-4E6377841A7D}.Debug|Any CPU.ActiveCfg = Debug|Any CPU
		{7D6FDBB6-CADD-422A-9F69-4E6377841A7D}.Debug|Any CPU.Build.0 = Debug|Any CPU
		{7D6FDBB6-CADD-422A-9F69-4E6377841A7D}.Release|Any CPU.ActiveCfg = Release|Any CPU
		{7D6FDBB6-CADD-422A-9F69-4E6377841A7D}.Release|Any CPU.Build.0 = Release|Any CPU
	EndGlobalSection
	GlobalSection(SolutionProperties) = preSolution
		HideSolutionNode = FALSE
	EndGlobalSection
	GlobalSection(ExtensibilityGlobals) = postSolution
		SolutionGuid = {92403D03-34A0-4599-8EBC-280A9F42FF42}
	EndGlobalSection
EndGlobal
